{
  "name": "express-engine-inferno-jsx",
  "version": "1.2.1",
  "lockfileVersion": 1,
  "requires": true,
  "dependencies": {
    "inferno": {
      "version": "3.10.1",
      "resolved": "https://registry.npmjs.org/inferno/-/inferno-3.10.1.tgz",
      "integrity": "sha512-Sm+Wi9TI9REIHsuUlWyCNVZMlk7vMRs2QFjMEfKPsj7p8be8wB+sl8T8jBU2T+2S3oKzbJdKmKNTxWeMjHdypA==",
      "requires": {
        "inferno-shared": "3.10.1",
        "inferno-vnode-flags": "3.10.1"
      }
    },
    "inferno-server": {
      "version": "3.10.1",
      "resolved": "https://registry.npmjs.org/inferno-server/-/inferno-server-3.10.1.tgz",
      "integrity": "sha512-IW4jwkeEydNlXIxa0pm6V6VMpEpnMw9FUICnH5S12K67p7wFJGqncyulRbb9NJ6leGLNA5363LNXrShgGHCadw==",
      "requires": {
        "inferno": "3.10.1",
        "inferno-shared": "3.10.1",
        "inferno-vnode-flags": "3.10.1"
      }
    },
    "inferno-shared": {
      "version": "3.10.1",
      "resolved": "https://registry.npmjs.org/inferno-shared/-/inferno-shared-3.10.1.tgz",
      "integrity": "sha512-mzh4qmnQb23W5sdfsR6W93vSqNll7etLSMG4JhlzYXYn1e4zVcAqJRbeVISI3mTkU6nS4gJBHueZtSb1ORuuBw=="
    },
    "inferno-vnode-flags": {
      "version": "3.10.1",
      "resolved": "https://registry.npmjs.org/inferno-vnode-flags/-/inferno-vnode-flags-3.10.1.tgz",
      "integrity": "sha512-jqc6yiFy9ZcpDW+6I6cWQUrSXHjpfm2Fut5qLuuXxLwKdfLQUh68sWBHd+y9J+7gIm+0V1QZn4x5Jx4G3m1hPA=="
    }
  }
}
